
Microsoft Visual Studio Solution File, Format Version 12.00
# Visual Studio Version 16
VisualStudioVersion = 16.0.30517.126
MinimumVisualStudioVersion = 10.0.40219.1
Project("{FAE04EC0-301F-11D3-BF4B-00C04F79EFBC}") = "Collections", "Collections\Collections.csproj", "{02770E04-AA07-4308-83A4-4B764370E99E}"
EndProject
Global
	GlobalSection(SolutionConfigurationPlatforms) = preSolution
		Debug|Any CPU = Debug|Any CPU
		Release|Any CPU = Release|Any CPU
	EndGlobalSection
	GlobalSection(ProjectConfigurationPlatforms) = postSolution
		{02770E04-AA07-4308-83A4-4B764370E99E}.Debug|Any CPU.ActiveCfg = Debug|Any CPU
		{02770E04-AA07-4308-83A4-4B764370E99E}.Debug|Any CPU.Build.0 = Debug|Any CPU
		{02770E04-AA07-4308-83A4-4B764370E99E}.Release|Any CPU.ActiveCfg = Release|Any CPU
		{02770E04-AA07-4308-83A4-4B764370E99E}.Release|Any CPU.Build.0 = Release|Any CPU
	EndGlobalSection
	GlobalSection(SolutionProperties) = preSolution
		HideSolutionNode = FALSE
	EndGlobalSection
	GlobalSection(ExtensibilityGlobals) = postSolution
		SolutionGuid = {4439B7EE-DE09-4225-9385-AC36E1ACFA58}
	EndGlobalSection
EndGlobal
